// !$*UTF8*$!
{
	archiveVersion = 1;
	classes = {
	};
	objectVersion = 77;
	objects = {

/* Begin PBXBuildFile section */
		06C33519F77C25257808B031 /* MXTParserTests.swift in Sources */ = {isa = PBXBuildFile; fileRef = 0991998F5745EFA649EAC063 /* MXTParserTests.swift */; };
		087321E988A7D4122041FD67 /* sample.mxtsessions in Resources */ = {isa = PBXBuildFile; fileRef = E997F25D93BAEE67E800D4BB /* sample.mxtsessions */; };
		0C0FD93EF4F8C4BDBC9D92E7 /* AtomicFileWriter.swift in Sources */ = {isa = PBXBuildFile; fileRef = 9010B436AB15DCECE30609B6 /* AtomicFileWriter.swift */; };
		0F2B50427184C1A4B261FC3B /* CommandSnippet.swift in Sources */ = {isa = PBXBuildFile; fileRef = AC65B7784CBCBB3CC3553A6D /* CommandSnippet.swift */; };
		13EC5C45781CF6CABD6FC8FB /* SSHArgumentBuilderTests.swift in Sources */ = {isa = PBXBuildFile; fileRef = 830A46ADCA293E791CE683A8 /* SSHArgumentBuilderTests.swift */; };
		19AC350B59EB58EC05948281 /* PortForwardingRule.swift in Sources */ = {isa = PBXBuildFile; fileRef = A7309640E52D1B99D867E669 /* PortForwardingRule.swift */; };
		1EE5DAB5BCAB34D5B5409C9F /* SSHKeyGeneratorTests.swift in Sources */ = {isa = PBXBuildFile; fileRef = 141DE1C13CED0E5FF1B6A0D8 /* SSHKeyGeneratorTests.swift */; };
		2D7CEB04E64691B1659ADFCD /* ImportConflictSheet.swift in Sources */ = {isa = PBXBuildFile; fileRef = 2B525243495FC2E69CEE6A6B /* ImportConflictSheet.swift */; };
		3C668202E7704C0B965DA935 /* SessionEditorAdvancedTab.swift in Sources */ = {isa = PBXBuildFile; fileRef = FDA6ED52C57B332B90449292 /* SessionEditorAdvancedTab.swift */; };
		3DF932162DAAB7925B33BEB7 /* SidebarDensity.swift in Sources */ = {isa = PBXBuildFile; fileRef = 316128D9A4C2F1BD2A5FDB3E /* SidebarDensity.swift */; };
		45630B56E6FB74CD41A71DE9 /* MobaAltApp.swift in Sources */ = {isa = PBXBuildFile; fileRef = 3D0B772C7AA912AFCDA53D3E /* MobaAltApp.swift */; };
		495A1A4E71754454CA78BA52 /* KeychainManager.swift in Sources */ = {isa = PBXBuildFile; fileRef = 385255DA133CC55F96C80B36 /* KeychainManager.swift */; };
		4CAA618EBCFE48A0A0F22FB3 /* SessionConflictResolver.swift in Sources */ = {isa = PBXBuildFile; fileRef = F574928D39B3B1D843DE3E55 /* SessionConflictResolver.swift */; };
		4DC946FE11571DFCC01B2879 /* FolderDropDelegate.swift in Sources */ = {isa = PBXBuildFile; fileRef = 283609AC69CF5A6DF3CB0AFE /* FolderDropDelegate.swift */; };
		4F33225F82071CC65722DE31 /* MXTSessionsWriter.swift in Sources */ = {isa = PBXBuildFile; fileRef = AC6013C67AABF7E770283A37 /* MXTSessionsWriter.swift */; };
		519964207A8C1961A7E8BEA4 /* EntitlementTests.swift in Sources */ = {isa = PBXBuildFile; fileRef = E429134CF80C6DD135B81292 /* EntitlementTests.swift */; };
		53A614F0BDFD44C3957AEBE9 /* HTMLExporter.swift in Sources */ = {isa = PBXBuildFile; fileRef = 533099261F6B37D8A13A937A /* HTMLExporter.swift */; };
		5698AAAC41266E2409FCF2E9 /* SidebarView.swift in Sources */ = {isa = PBXBuildFile; fileRef = F12D7122D47696596578B8A8 /* SidebarView.swift */; };
		5D36429D7EBD90DCEE271269 /* SSHConnectionTests.swift in Sources */ = {isa = PBXBuildFile; fileRef = B380E1B521ACA995572CAAC2 /* SSHConnectionTests.swift */; };
		5DCFEA743E638A7E46927478 /* JSONExporter.swift in Sources */ = {isa = PBXBuildFile; fileRef = D698CDEF96E157BE7D85EDAB /* JSONExporter.swift */; };
		5E6D296AE055030B56C25662 /* CommandSnippetTests.swift in Sources */ = {isa = PBXBuildFile; fileRef = B807E2C7E8B6D2E7BBE8C1E6 /* CommandSnippetTests.swift */; };
		64F9F6B7C89D01FCF7B09700 /* SessionStoreTests.swift in Sources */ = {isa = PBXBuildFile; fileRef = 5181E40A6994B69CFE105025 /* SessionStoreTests.swift */; };
		77DA734223786755D3E49D7E /* SessionStore.swift in Sources */ = {isa = PBXBuildFile; fileRef = 65F8A32784BEC387237FF10B /* SessionStore.swift */; };
		7A60A3A4309A9F8AE29CF321 /* MXTSessionsParser.swift in Sources */ = {isa = PBXBuildFile; fileRef = 0779822F9A5B53D2ED940692 /* MXTSessionsParser.swift */; };
		7E02BA375D308B6672AC8F96 /* FolderRowView.swift in Sources */ = {isa = PBXBuildFile; fileRef = F3B543205A46D9AB921EB542 /* FolderRowView.swift */; };
		7F172C5852ABD98DBF2CF383 /* KeyVaultManagerTests.swift in Sources */ = {isa = PBXBuildFile; fileRef = A45BF30EBE367EC10784667C /* KeyVaultManagerTests.swift */; };
		86295BC30CF7C2B02C34533E /* SessionFolder.swift in Sources */ = {isa = PBXBuildFile; fileRef = FEA9344F6873C7E617476017 /* SessionFolder.swift */; };
		8854A9F2911D1F01D9F3D723 /* ExporterTests.swift in Sources */ = {isa = PBXBuildFile; fileRef = 4AB0A29EAE452563159939FD /* ExporterTests.swift */; };
		8996E9BB759F8DFBACA0A16E /* TerminalViewWrapperTests.swift in Sources */ = {isa = PBXBuildFile; fileRef = C843235BD788F86446025006 /* TerminalViewWrapperTests.swift */; };
		8A80D3A487ED88156D81C170 /* TabManagerTests.swift in Sources */ = {isa = PBXBuildFile; fileRef = 1C1D9797842FC4C5561CD11C /* TabManagerTests.swift */; };
		8E35D3B3B00419A966AA28E4 /* SessionLibrary.swift in Sources */ = {isa = PBXBuildFile; fileRef = 26BA2206B56D26840BBDCE33 /* SessionLibrary.swift */; };
		9E58DC9D86C80C53C55AF3C0 /* SessionRowView.swift in Sources */ = {isa = PBXBuildFile; fileRef = 21D87F1ED9D2938D891B96EE /* SessionRowView.swift */; };
		A3343BE06ACAC0E7941C22F4 /* SessionLogWriterTests.swift in Sources */ = {isa = PBXBuildFile; fileRef = 39C766B0F9AC182BA9240784 /* SessionLogWriterTests.swift */; };
		A3DD1C487F0016AA87EE9984 /* SessionLibraryTests.swift in Sources */ = {isa = PBXBuildFile; fileRef = BFA93DF140BD2FBCBF0A4994 /* SessionLibraryTests.swift */; };
		A8414B8F10B5013D4A4C7FBE /* SessionEditorSheet.swift in Sources */ = {isa = PBXBuildFile; fileRef = 2DC552CAD2310263FCAF8A2C /* SessionEditorSheet.swift */; };
		A996800F8ABAC74632D8244C /* SSHArgumentBuilder.swift in Sources */ = {isa = PBXBuildFile; fileRef = 5DB861473C6CCD047BB3DA53 /* SSHArgumentBuilder.swift */; };
		AAFA299614AC550F176060F1 /* PreferencesView.swift in Sources */ = {isa = PBXBuildFile; fileRef = 00E9DBA3B1B755005F6B233B /* PreferencesView.swift */; };
		AF0BBA83D0B4C7ED99ECEF6F /* ImportSummarySheet.swift in Sources */ = {isa = PBXBuildFile; fileRef = 9250F010A024356FCA8B01C6 /* ImportSummarySheet.swift */; };
		B3085E4A3C18A233E957B30E /* ConnectionProtocol.swift in Sources */ = {isa = PBXBuildFile; fileRef = 1C1B86595FA9903755D1ACE9 /* ConnectionProtocol.swift */; };
		C0213BFAE1E0ECCB145DE9DC /* KeychainManagerTests.swift in Sources */ = {isa = PBXBuildFile; fileRef = 88D14FD95731BF8864385112 /* KeychainManagerTests.swift */; };
		C3A492FC5C6BAE53071DF660 /* ContentView.swift in Sources */ = {isa = PBXBuildFile; fileRef = 543520ADB27DF6BE54D21D7D /* ContentView.swift */; };
		D3461D5E024CC814713BF5BD /* KeyVaultManager.swift in Sources */ = {isa = PBXBuildFile; fileRef = C0053977C75F61A343DD8A85 /* KeyVaultManager.swift */; };
		D8946D06AF6F9607A566489B /* SessionEditorBasicTab.swift in Sources */ = {isa = PBXBuildFile; fileRef = 119AF30F02BD647B01F1B530 /* SessionEditorBasicTab.swift */; };
		DEFFE10DFFA1F19280AE350C /* SwiftTerm in Frameworks */ = {isa = PBXBuildFile; productRef = 254D474F18CC2F435CEF6B00 /* SwiftTerm */; };
		E324377FCDEB1E879B189933 /* SessionDefinition.swift in Sources */ = {isa = PBXBuildFile; fileRef = C6ECE0FF6F0FC1F90C84A8A9 /* SessionDefinition.swift */; };
		F66336277E9A6CC6716ADB0E /* ExportDialogSheet.swift in Sources */ = {isa = PBXBuildFile; fileRef = E2FA9330A062A2E3F9111007 /* ExportDialogSheet.swift */; };
		F7B02D3B990B8D93C4E695B8 /* SessionWizardView.swift in Sources */ = {isa = PBXBuildFile; fileRef = 2D1439F2BBA729674AD7DD21 /* SessionWizardView.swift */; };
		F8337911D7021211745CFC55 /* ImportWizardSheet.swift in Sources */ = {isa = PBXBuildFile; fileRef = 88A4B69B3438909E35616964 /* ImportWizardSheet.swift */; };
/* End PBXBuildFile section */

/* Begin PBXContainerItemProxy section */
		258191919914AF43C8841057 /* PBXContainerItemProxy */ = {
			isa = PBXContainerItemProxy;
			containerPortal = A9C40655DFA7F5B375FE20EB /* Project object */;
			proxyType = 1;
			remoteGlobalIDString = FE0480E9CD3B7321E11180D0;
			remoteInfo = MobaAlt;
		};
/* End PBXContainerItemProxy section */

/* Begin PBXFileReference section */
		00E9DBA3B1B755005F6B233B /* PreferencesView.swift */ = {isa = PBXFileReference; lastKnownFileType = sourcecode.swift; path = PreferencesView.swift; sourceTree = "<group>"; };
		0779822F9A5B53D2ED940692 /* MXTSessionsParser.swift */ = {isa = PBXFileReference; lastKnownFileType = sourcecode.swift; path = MXTSessionsParser.swift; sourceTree = "<group>"; };
		0991998F5745EFA649EAC063 /* MXTParserTests.swift */ = {isa = PBXFileReference; lastKnownFileType = sourcecode.swift; path = MXTParserTests.swift; sourceTree = "<group>"; };
		119AF30F02BD647B01F1B530 /* SessionEditorBasicTab.swift */ = {isa = PBXFileReference; lastKnownFileType = sourcecode.swift; path = SessionEditorBasicTab.swift; sourceTree = "<group>"; };
		141DE1C13CED0E5FF1B6A0D8 /* SSHKeyGeneratorTests.swift */ = {isa = PBXFileReference; lastKnownFileType = sourcecode.swift; path = SSHKeyGeneratorTests.swift; sourceTree = "<group>"; };
		1C1B86595FA9903755D1ACE9 /* ConnectionProtocol.swift */ = {isa = PBXFileReference; lastKnownFileType = sourcecode.swift; path = ConnectionProtocol.swift; sourceTree = "<group>"; };
		1C1D9797842FC4C5561CD11C /* TabManagerTests.swift */ = {isa = PBXFileReference; lastKnownFileType = sourcecode.swift; path = TabManagerTests.swift; sourceTree = "<group>"; };
		21D87F1ED9D2938D891B96EE /* SessionRowView.swift */ = {isa = PBXFileReference; lastKnownFileType = sourcecode.swift; path = SessionRowView.swift; sourceTree = "<group>"; };
		26BA2206B56D26840BBDCE33 /* SessionLibrary.swift */ = {isa = PBXFileReference; lastKnownFileType = sourcecode.swift; path = SessionLibrary.swift; sourceTree = "<group>"; };
		283609AC69CF5A6DF3CB0AFE /* FolderDropDelegate.swift */ = {isa = PBXFileReference; lastKnownFileType = sourcecode.swift; path = FolderDropDelegate.swift; sourceTree = "<group>"; };
		2B525243495FC2E69CEE6A6B /* ImportConflictSheet.swift */ = {isa = PBXFileReference; lastKnownFileType = sourcecode.swift; path = ImportConflictSheet.swift; sourceTree = "<group>"; };
		2D1439F2BBA729674AD7DD21 /* SessionWizardView.swift */ = {isa = PBXFileReference; lastKnownFileType = sourcecode.swift; path = SessionWizardView.swift; sourceTree = "<group>"; };
		2DC552CAD2310263FCAF8A2C /* SessionEditorSheet.swift */ = {isa = PBXFileReference; lastKnownFileType = sourcecode.swift; path = SessionEditorSheet.swift; sourceTree = "<group>"; };
		316128D9A4C2F1BD2A5FDB3E /* SidebarDensity.swift */ = {isa = PBXFileReference; lastKnownFileType = sourcecode.swift; path = SidebarDensity.swift; sourceTree = "<group>"; };
		385255DA133CC55F96C80B36 /* KeychainManager.swift */ = {isa = PBXFileReference; lastKnownFileType = sourcecode.swift; path = KeychainManager.swift; sourceTree = "<group>"; };
		39C766B0F9AC182BA9240784 /* SessionLogWriterTests.swift */ = {isa = PBXFileReference; lastKnownFileType = sourcecode.swift; path = SessionLogWriterTests.swift; sourceTree = "<group>"; };
		3D0B772C7AA912AFCDA53D3E /* MobaAltApp.swift */ = {isa = PBXFileReference; lastKnownFileType = sourcecode.swift; path = MobaAltApp.swift; sourceTree = "<group>"; };
		4AB0A29EAE452563159939FD /* ExporterTests.swift */ = {isa = PBXFileReference; lastKnownFileType = sourcecode.swift; path = ExporterTests.swift; sourceTree = "<group>"; };
		5181E40A6994B69CFE105025 /* SessionStoreTests.swift */ = {isa = PBXFileReference; lastKnownFileType = sourcecode.swift; path = SessionStoreTests.swift; sourceTree = "<group>"; };
		533099261F6B37D8A13A937A /* HTMLExporter.swift */ = {isa = PBXFileReference; lastKnownFileType = sourcecode.swift; path = HTMLExporter.swift; sourceTree = "<group>"; };
		543520ADB27DF6BE54D21D7D /* ContentView.swift */ = {isa = PBXFileReference; lastKnownFileType = sourcecode.swift; path = ContentView.swift; sourceTree = "<group>"; };
		5DB861473C6CCD047BB3DA53 /* SSHArgumentBuilder.swift */ = {isa = PBXFileReference; lastKnownFileType = sourcecode.swift; path = SSHArgumentBuilder.swift; sourceTree = "<group>"; };
		5E6A1BAC8E8CA965118A2412 /* MobaAlt.entitlements */ = {isa = PBXFileReference; lastKnownFileType = text.plist.entitlements; path = MobaAlt.entitlements; sourceTree = "<group>"; };
		65F8A32784BEC387237FF10B /* SessionStore.swift */ = {isa = PBXFileReference; lastKnownFileType = sourcecode.swift; path = SessionStore.swift; sourceTree = "<group>"; };
		830A46ADCA293E791CE683A8 /* SSHArgumentBuilderTests.swift */ = {isa = PBXFileReference; lastKnownFileType = sourcecode.swift; path = SSHArgumentBuilderTests.swift; sourceTree = "<group>"; };
		88A4B69B3438909E35616964 /* ImportWizardSheet.swift */ = {isa = PBXFileReference; lastKnownFileType = sourcecode.swift; path = ImportWizardSheet.swift; sourceTree = "<group>"; };
		88D14FD95731BF8864385112 /* KeychainManagerTests.swift */ = {isa = PBXFileReference; lastKnownFileType = sourcecode.swift; path = KeychainManagerTests.swift; sourceTree = "<group>"; };
		9010B436AB15DCECE30609B6 /* AtomicFileWriter.swift */ = {isa = PBXFileReference; lastKnownFileType = sourcecode.swift; path = AtomicFileWriter.swift; sourceTree = "<group>"; };
		9250F010A024356FCA8B01C6 /* ImportSummarySheet.swift */ = {isa = PBXFileReference; lastKnownFileType = sourcecode.swift; path = ImportSummarySheet.swift; sourceTree = "<group>"; };
		A45BF30EBE367EC10784667C /* KeyVaultManagerTests.swift */ = {isa = PBXFileReference; lastKnownFileType = sourcecode.swift; path = KeyVaultManagerTests.swift; sourceTree = "<group>"; };
		A7309640E52D1B99D867E669 /* PortForwardingRule.swift */ = {isa = PBXFileReference; lastKnownFileType = sourcecode.swift; path = PortForwardingRule.swift; sourceTree = "<group>"; };
		AC6013C67AABF7E770283A37 /* MXTSessionsWriter.swift */ = {isa = PBXFileReference; lastKnownFileType = sourcecode.swift; path = MXTSessionsWriter.swift; sourceTree = "<group>"; };
		AC65B7784CBCBB3CC3553A6D /* CommandSnippet.swift */ = {isa = PBXFileReference; lastKnownFileType = sourcecode.swift; path = CommandSnippet.swift; sourceTree = "<group>"; };
		AF0115DE4C2A0B539A186FC2 /* MobaAltTests.xctest */ = {isa = PBXFileReference; explicitFileType = wrapper.cfbundle; includeInIndex = 0; path = MobaAltTests.xctest; sourceTree = BUILT_PRODUCTS_DIR; };
		B380E1B521ACA995572CAAC2 /* SSHConnectionTests.swift */ = {isa = PBXFileReference; lastKnownFileType = sourcecode.swift; path = SSHConnectionTests.swift; sourceTree = "<group>"; };
		B807E2C7E8B6D2E7BBE8C1E6 /* CommandSnippetTests.swift */ = {isa = PBXFileReference; lastKnownFileType = sourcecode.swift; path = CommandSnippetTests.swift; sourceTree = "<group>"; };
		BFA93DF140BD2FBCBF0A4994 /* SessionLibraryTests.swift */ = {isa = PBXFileReference; lastKnownFileType = sourcecode.swift; path = SessionLibraryTests.swift; sourceTree = "<group>"; };
		C0053977C75F61A343DD8A85 /* KeyVaultManager.swift */ = {isa = PBXFileReference; lastKnownFileType = sourcecode.swift; path = KeyVaultManager.swift; sourceTree = "<group>"; };
		C6ECE0FF6F0FC1F90C84A8A9 /* SessionDefinition.swift */ = {isa = PBXFileReference; lastKnownFileType = sourcecode.swift; path = SessionDefinition.swift; sourceTree = "<group>"; };
		C843235BD788F86446025006 /* TerminalViewWrapperTests.swift */ = {isa = PBXFileReference; lastKnownFileType = sourcecode.swift; path = TerminalViewWrapperTests.swift; sourceTree = "<group>"; };
		D698CDEF96E157BE7D85EDAB /* JSONExporter.swift */ = {isa = PBXFileReference; lastKnownFileType = sourcecode.swift; path = JSONExporter.swift; sourceTree = "<group>"; };
		E2FA9330A062A2E3F9111007 /* ExportDialogSheet.swift */ = {isa = PBXFileReference; lastKnownFileType = sourcecode.swift; path = ExportDialogSheet.swift; sourceTree = "<group>"; };
		E429134CF80C6DD135B81292 /* EntitlementTests.swift */ = {isa = PBXFileReference; lastKnownFileType = sourcecode.swift; path = EntitlementTests.swift; sourceTree = "<group>"; };
		E997F25D93BAEE67E800D4BB /* sample.mxtsessions */ = {isa = PBXFileReference; path = sample.mxtsessions; sourceTree = "<group>"; };
		F12D7122D47696596578B8A8 /* SidebarView.swift */ = {isa = PBXFileReference; lastKnownFileType = sourcecode.swift; path = SidebarView.swift; sourceTree = "<group>"; };
		F3B543205A46D9AB921EB542 /* FolderRowView.swift */ = {isa = PBXFileReference; lastKnownFileType = sourcecode.swift; path = FolderRowView.swift; sourceTree = "<group>"; };
		F4F1EC2D00B83A09526F4133 /* MobaAlt.app */ = {isa = PBXFileReference; explicitFileType = wrapper.application; includeInIndex = 0; path = MobaAlt.app; sourceTree = BUILT_PRODUCTS_DIR; };
		F574928D39B3B1D843DE3E55 /* SessionConflictResolver.swift */ = {isa = PBXFileReference; lastKnownFileType = sourcecode.swift; path = SessionConflictResolver.swift; sourceTree = "<group>"; };
		FDA6ED52C57B332B90449292 /* SessionEditorAdvancedTab.swift */ = {isa = PBXFileReference; lastKnownFileType = sourcecode.swift; path = SessionEditorAdvancedTab.swift; sourceTree = "<group>"; };
		FEA9344F6873C7E617476017 /* SessionFolder.swift */ = {isa = PBXFileReference; lastKnownFileType = sourcecode.swift; path = SessionFolder.swift; sourceTree = "<group>"; };
		FEC7A21CA44089B0327CD5F5 /* Info.plist */ = {isa = PBXFileReference; lastKnownFileType = text.plist; path = Info.plist; sourceTree = "<group>"; };
/* End PBXFileReference section */

/* Begin PBXFrameworksBuildPhase section */
		505CE4F8F329277AB21519D2 /* Frameworks */ = {
			isa = PBXFrameworksBuildPhase;
			buildActionMask = 2147483647;
			files = (
				DEFFE10DFFA1F19280AE350C /* SwiftTerm in Frameworks */,
			);
			runOnlyForDeploymentPostprocessing = 0;
		};
/* End PBXFrameworksBuildPhase section */

/* Begin PBXGroup section */
		164669522717BF693F147A3B /* MobaAltTests */ = {
			isa = PBXGroup;
			children = (
				B807E2C7E8B6D2E7BBE8C1E6 /* CommandSnippetTests.swift */,
				E429134CF80C6DD135B81292 /* EntitlementTests.swift */,
				4AB0A29EAE452563159939FD /* ExporterTests.swift */,
				88D14FD95731BF8864385112 /* KeychainManagerTests.swift */,
				A45BF30EBE367EC10784667C /* KeyVaultManagerTests.swift */,
				0991998F5745EFA649EAC063 /* MXTParserTests.swift */,
				BFA93DF140BD2FBCBF0A4994 /* SessionLibraryTests.swift */,
				39C766B0F9AC182BA9240784 /* SessionLogWriterTests.swift */,
				5181E40A6994B69CFE105025 /* SessionStoreTests.swift */,
				830A46ADCA293E791CE683A8 /* SSHArgumentBuilderTests.swift */,
				B380E1B521ACA995572CAAC2 /* SSHConnectionTests.swift */,
				141DE1C13CED0E5FF1B6A0D8 /* SSHKeyGeneratorTests.swift */,
				1C1D9797842FC4C5561CD11C /* TabManagerTests.swift */,
				C843235BD788F86446025006 /* TerminalViewWrapperTests.swift */,
				26D5D923DF05252DB40846CB /* Fixtures */,
			);
			path = MobaAltTests;
			sourceTree = "<group>";
		};
		1830AC31C34D0AA628C27CF2 /* Preferences */ = {
			isa = PBXGroup;
			children = (
				00E9DBA3B1B755005F6B233B /* PreferencesView.swift */,
			);
			path = Preferences;
			sourceTree = "<group>";
		};
		26D5D923DF05252DB40846CB /* Fixtures */ = {
			isa = PBXGroup;
			children = (
				E997F25D93BAEE67E800D4BB /* sample.mxtsessions */,
			);
			path = Fixtures;
			sourceTree = "<group>";
		};
		2D6BFF4F3F36AA3CBD940466 /* Editor */ = {
			isa = PBXGroup;
			children = (
				FDA6ED52C57B332B90449292 /* SessionEditorAdvancedTab.swift */,
				119AF30F02BD647B01F1B530 /* SessionEditorBasicTab.swift */,
				2DC552CAD2310263FCAF8A2C /* SessionEditorSheet.swift */,
				2D1439F2BBA729674AD7DD21 /* SessionWizardView.swift */,
			);
			path = Editor;
			sourceTree = "<group>";
		};
		3EE2B192A51F9ACF7ADC5090 /* Services */ = {
			isa = PBXGroup;
			children = (
				533099261F6B37D8A13A937A /* HTMLExporter.swift */,
				D698CDEF96E157BE7D85EDAB /* JSONExporter.swift */,
				385255DA133CC55F96C80B36 /* KeychainManager.swift */,
				C0053977C75F61A343DD8A85 /* KeyVaultManager.swift */,
				0779822F9A5B53D2ED940692 /* MXTSessionsParser.swift */,
				AC6013C67AABF7E770283A37 /* MXTSessionsWriter.swift */,
				65F8A32784BEC387237FF10B /* SessionStore.swift */,
			);
			path = Services;
			sourceTree = "<group>";
		};
		4521340807E813A78D74114B /* AppShell */ = {
			isa = PBXGroup;
			children = (
				543520ADB27DF6BE54D21D7D /* ContentView.swift */,
				F12D7122D47696596578B8A8 /* SidebarView.swift */,
			);
			path = AppShell;
			sourceTree = "<group>";
		};
		50E185BCDBCB3851AF94B5C5 /* Resources */ = {
			isa = PBXGroup;
			children = (
				5E6A1BAC8E8CA965118A2412 /* MobaAlt.entitlements */,
			);
			path = Resources;
			sourceTree = "<group>";
		};
		5AE77B50E9642344C389E567 /* MobaAlt */ = {
			isa = PBXGroup;
			children = (
				FEC7A21CA44089B0327CD5F5 /* Info.plist */,
				3D0B772C7AA912AFCDA53D3E /* MobaAltApp.swift */,
				A7F85C96E35359E89CCB20D5 /* Models */,
				50E185BCDBCB3851AF94B5C5 /* Resources */,
				3EE2B192A51F9ACF7ADC5090 /* Services */,
				B754DD64021407070E0E39EF /* Utilities */,
				6C3A1CA5407784FF85F1E30F /* Views */,
			);
			path = MobaAlt;
			sourceTree = "<group>";
		};
		6C3A1CA5407784FF85F1E30F /* Views */ = {
			isa = PBXGroup;
			children = (
				4521340807E813A78D74114B /* AppShell */,
				2D6BFF4F3F36AA3CBD940466 /* Editor */,
				ED02E4D54443D918E228E7EA /* Export */,
				C0D0284C290999DEBA8AD6BD /* Import */,
				1830AC31C34D0AA628C27CF2 /* Preferences */,
				C850702C7FB904641CA1D990 /* Sidebar */,
			);
			path = Views;
			sourceTree = "<group>";
		};
		8A142E01200C17B36C9631A4 = {
			isa = PBXGroup;
			children = (
				5AE77B50E9642344C389E567 /* MobaAlt */,
				164669522717BF693F147A3B /* MobaAltTests */,
				955722702C1D60CC6BB6F643 /* Products */,
			);
			sourceTree = "<group>";
		};
		955722702C1D60CC6BB6F643 /* Products */ = {
			isa = PBXGroup;
			children = (
				F4F1EC2D00B83A09526F4133 /* MobaAlt.app */,
				AF0115DE4C2A0B539A186FC2 /* MobaAltTests.xctest */,
			);
			name = Products;
			sourceTree = "<group>";
		};
		A7F85C96E35359E89CCB20D5 /* Models */ = {
			isa = PBXGroup;
			children = (
				AC65B7784CBCBB3CC3553A6D /* CommandSnippet.swift */,
				1C1B86595FA9903755D1ACE9 /* ConnectionProtocol.swift */,
				A7309640E52D1B99D867E669 /* PortForwardingRule.swift */,
				C6ECE0FF6F0FC1F90C84A8A9 /* SessionDefinition.swift */,
				FEA9344F6873C7E617476017 /* SessionFolder.swift */,
				26BA2206B56D26840BBDCE33 /* SessionLibrary.swift */,
				316128D9A4C2F1BD2A5FDB3E /* SidebarDensity.swift */,
			);
			path = Models;
			sourceTree = "<group>";
		};
		B754DD64021407070E0E39EF /* Utilities */ = {
			isa = PBXGroup;
			children = (
				9010B436AB15DCECE30609B6 /* AtomicFileWriter.swift */,
				F574928D39B3B1D843DE3E55 /* SessionConflictResolver.swift */,
				5DB861473C6CCD047BB3DA53 /* SSHArgumentBuilder.swift */,
			);
			path = Utilities;
			sourceTree = "<group>";
		};
		C0D0284C290999DEBA8AD6BD /* Import */ = {
			isa = PBXGroup;
			children = (
				2B525243495FC2E69CEE6A6B /* ImportConflictSheet.swift */,
				9250F010A024356FCA8B01C6 /* ImportSummarySheet.swift */,
				88A4B69B3438909E35616964 /* ImportWizardSheet.swift */,
			);
			path = Import;
			sourceTree = "<group>";
		};
		C850702C7FB904641CA1D990 /* Sidebar */ = {
			isa = PBXGroup;
			children = (
				283609AC69CF5A6DF3CB0AFE /* FolderDropDelegate.swift */,
				F3B543205A46D9AB921EB542 /* FolderRowView.swift */,
				21D87F1ED9D2938D891B96EE /* SessionRowView.swift */,
			);
			path = Sidebar;
			sourceTree = "<group>";
		};
		ED02E4D54443D918E228E7EA /* Export */ = {
			isa = PBXGroup;
			children = (
				E2FA9330A062A2E3F9111007 /* ExportDialogSheet.swift */,
			);
			path = Export;
			sourceTree = "<group>";
		};
/* End PBXGroup section */

/* Begin PBXNativeTarget section */
		2A519F7B3A3A1CB54F7918D1 /* MobaAltTests */ = {
			isa = PBXNativeTarget;
			buildConfigurationList = 5E236C9F50A4EC041F57F83E /* Build configuration list for PBXNativeTarget "MobaAltTests" */;
			buildPhases = (
				563A194FD4A025C5BE8DDCA3 /* Sources */,
				0C23E89A8FC5273A1927BD42 /* Resources */,
			);
			buildRules = (
			);
			dependencies = (
				428117EF538277B4AEFEE5A9 /* PBXTargetDependency */,
			);
			name = MobaAltTests;
			packageProductDependencies = (
			);
			productName = MobaAltTests;
			productReference = AF0115DE4C2A0B539A186FC2 /* MobaAltTests.xctest */;
			productType = "com.apple.product-type.bundle.unit-test";
		};
		FE0480E9CD3B7321E11180D0 /* MobaAlt */ = {
			isa = PBXNativeTarget;
			buildConfigurationList = 4A3906E1C02FC0373175CC35 /* Build configuration list for PBXNativeTarget "MobaAlt" */;
			buildPhases = (
				9C056477E4D1A08F20B89F9C /* Sources */,
				505CE4F8F329277AB21519D2 /* Frameworks */,
			);
			buildRules = (
			);
			dependencies = (
			);
			name = MobaAlt;
			packageProductDependencies = (
				254D474F18CC2F435CEF6B00 /* SwiftTerm */,
			);
			productName = MobaAlt;
			productReference = F4F1EC2D00B83A09526F4133 /* MobaAlt.app */;
			productType = "com.apple.product-type.application";
		};
/* End PBXNativeTarget section */

/* Begin PBXProject section */
		A9C40655DFA7F5B375FE20EB /* Project object */ = {
			isa = PBXProject;
			attributes = {
				BuildIndependentTargetsInParallel = YES;
				LastUpgradeCheck = 1500;
				TargetAttributes = {
					2A519F7B3A3A1CB54F7918D1 = {
						ProvisioningStyle = Automatic;
					};
					FE0480E9CD3B7321E11180D0 = {
						ProvisioningStyle = Automatic;
					};
				};
			};
			buildConfigurationList = A4F56FAE3325C10C822DB512 /* Build configuration list for PBXProject "MobaAlt" */;
			developmentRegion = en;
			hasScannedForEncodings = 0;
			knownRegions = (
				Base,
				en,
			);
			mainGroup = 8A142E01200C17B36C9631A4;
			minimizedProjectReferenceProxies = 1;
			packageReferences = (
				86D5E4E86E6E245C0A786012 /* XCRemoteSwiftPackageReference "SwiftTerm" */,
			);
			preferredProjectObjectVersion = 77;
			productRefGroup = 955722702C1D60CC6BB6F643 /* Products */;
			projectDirPath = "";
			projectRoot = "";
			targets = (
				FE0480E9CD3B7321E11180D0 /* MobaAlt */,
				2A519F7B3A3A1CB54F7918D1 /* MobaAltTests */,
			);
		};
/* End PBXProject section */

/* Begin PBXResourcesBuildPhase section */
		0C23E89A8FC5273A1927BD42 /* Resources */ = {
			isa = PBXResourcesBuildPhase;
			buildActionMask = 2147483647;
			files = (
				087321E988A7D4122041FD67 /* sample.mxtsessions in Resources */,
			);
			runOnlyForDeploymentPostprocessing = 0;
		};
/* End PBXResourcesBuildPhase section */

/* Begin PBXSourcesBuildPhase section */
		563A194FD4A025C5BE8DDCA3 /* Sources */ = {
			isa = PBXSourcesBuildPhase;
			buildActionMask = 2147483647;
			files = (
				5E6D296AE055030B56C25662 /* CommandSnippetTests.swift in Sources */,
				519964207A8C1961A7E8BEA4 /* EntitlementTests.swift in Sources */,
				8854A9F2911D1F01D9F3D723 /* ExporterTests.swift in Sources */,
				7F172C5852ABD98DBF2CF383 /* KeyVaultManagerTests.swift in Sources */,
				C0213BFAE1E0ECCB145DE9DC /* KeychainManagerTests.swift in Sources */,
				06C33519F77C25257808B031 /* MXTParserTests.swift in Sources */,
				13EC5C45781CF6CABD6FC8FB /* SSHArgumentBuilderTests.swift in Sources */,
				5D36429D7EBD90DCEE271269 /* SSHConnectionTests.swift in Sources */,
				1EE5DAB5BCAB34D5B5409C9F /* SSHKeyGeneratorTests.swift in Sources */,
				A3DD1C487F0016AA87EE9984 /* SessionLibraryTests.swift in Sources */,
				A3343BE06ACAC0E7941C22F4 /* SessionLogWriterTests.swift in Sources */,
				64F9F6B7C89D01FCF7B09700 /* SessionStoreTests.swift in Sources */,
				8A80D3A487ED88156D81C170 /* TabManagerTests.swift in Sources */,
				8996E9BB759F8DFBACA0A16E /* TerminalViewWrapperTests.swift in Sources */,
			);
			runOnlyForDeploymentPostprocessing = 0;
		};
		9C056477E4D1A08F20B89F9C /* Sources */ = {
			isa = PBXSourcesBuildPhase;
			buildActionMask = 2147483647;
			files = (
				0C0FD93EF4F8C4BDBC9D92E7 /* AtomicFileWriter.swift in Sources */,
				0F2B50427184C1A4B261FC3B /* CommandSnippet.swift in Sources */,
				B3085E4A3C18A233E957B30E /* ConnectionProtocol.swift in Sources */,
				C3A492FC5C6BAE53071DF660 /* ContentView.swift in Sources */,
				F66336277E9A6CC6716ADB0E /* ExportDialogSheet.swift in Sources */,
				4DC946FE11571DFCC01B2879 /* FolderDropDelegate.swift in Sources */,
				7E02BA375D308B6672AC8F96 /* FolderRowView.swift in Sources */,
				53A614F0BDFD44C3957AEBE9 /* HTMLExporter.swift in Sources */,
				2D7CEB04E64691B1659ADFCD /* ImportConflictSheet.swift in Sources */,
				AF0BBA83D0B4C7ED99ECEF6F /* ImportSummarySheet.swift in Sources */,
				F8337911D7021211745CFC55 /* ImportWizardSheet.swift in Sources */,
				5DCFEA743E638A7E46927478 /* JSONExporter.swift in Sources */,
				D3461D5E024CC814713BF5BD /* KeyVaultManager.swift in Sources */,
				495A1A4E71754454CA78BA52 /* KeychainManager.swift in Sources */,
				7A60A3A4309A9F8AE29CF321 /* MXTSessionsParser.swift in Sources */,
				4F33225F82071CC65722DE31 /* MXTSessionsWriter.swift in Sources */,
				45630B56E6FB74CD41A71DE9 /* MobaAltApp.swift in Sources */,
				19AC350B59EB58EC05948281 /* PortForwardingRule.swift in Sources */,
				AAFA299614AC550F176060F1 /* PreferencesView.swift in Sources */,
				A996800F8ABAC74632D8244C /* SSHArgumentBuilder.swift in Sources */,
				4CAA618EBCFE48A0A0F22FB3 /* SessionConflictResolver.swift in Sources */,
				E324377FCDEB1E879B189933 /* SessionDefinition.swift in Sources */,
				3C668202E7704C0B965DA935 /* SessionEditorAdvancedTab.swift in Sources */,
				D8946D06AF6F9607A566489B /* SessionEditorBasicTab.swift in Sources */,
				A8414B8F10B5013D4A4C7FBE /* SessionEditorSheet.swift in Sources */,
				86295BC30CF7C2B02C34533E /* SessionFolder.swift in Sources */,
				8E35D3B3B00419A966AA28E4 /* SessionLibrary.swift in Sources */,
				9E58DC9D86C80C53C55AF3C0 /* SessionRowView.swift in Sources */,
				77DA734223786755D3E49D7E /* SessionStore.swift in Sources */,
				F7B02D3B990B8D93C4E695B8 /* SessionWizardView.swift in Sources */,
				3DF932162DAAB7925B33BEB7 /* SidebarDensity.swift in Sources */,
				5698AAAC41266E2409FCF2E9 /* SidebarView.swift in Sources */,
			);
			runOnlyForDeploymentPostprocessing = 0;
		};
/* End PBXSourcesBuildPhase section */

/* Begin PBXTargetDependency section */
		428117EF538277B4AEFEE5A9 /* PBXTargetDependency */ = {
			isa = PBXTargetDependency;
			target = FE0480E9CD3B7321E11180D0 /* MobaAlt */;
			targetProxy = 258191919914AF43C8841057 /* PBXContainerItemProxy */;
		};
/* End PBXTargetDependency section */

/* Begin XCBuildConfiguration section */
		32C177D14893466ADC3704A5 /* Release */ = {
			isa = XCBuildConfiguration;
			buildSettings = {
				ASSETCATALOG_COMPILER_APPICON_NAME = AppIcon;
				CODE_SIGN_ENTITLEMENTS = MobaAlt/Resources/MobaAlt.entitlements;
				COMBINE_HIDPI_IMAGES = YES;
				ENABLE_HARDENED_RUNTIME = YES;
				INFOPLIST_FILE = MobaAlt/Info.plist;
				LD_RUNPATH_SEARCH_PATHS = (
					"$(inherited)",
					"@executable_path/../Frameworks",
				);
				MACOSX_DEPLOYMENT_TARGET = 14.0;
				PRODUCT_BUNDLE_IDENTIFIER = com.mobaalt.MobaAlt;
				SDKROOT = macosx;
				SWIFT_VERSION = 5.9;
			};
			name = Release;
		};
		5CB498279B73BD6940F8F732 /* Debug */ = {
			isa = XCBuildConfiguration;
			buildSettings = {
				ASSETCATALOG_COMPILER_APPICON_NAME = AppIcon;
				CODE_SIGN_ENTITLEMENTS = MobaAlt/Resources/MobaAlt.entitlements;
				COMBINE_HIDPI_IMAGES = YES;
				ENABLE_HARDENED_RUNTIME = YES;
				INFOPLIST_FILE = MobaAlt/Info.plist;
				LD_RUNPATH_SEARCH_PATHS = (
					"$(inherited)",
					"@executable_path/../Frameworks",
				);
				MACOSX_DEPLOYMENT_TARGET = 14.0;
				PRODUCT_BUNDLE_IDENTIFIER = com.mobaalt.MobaAlt;
				SDKROOT = macosx;
				SWIFT_VERSION = 5.9;
			};
			name = Debug;
		};
		6B749B59ACA12B10B658AF4D /* Debug */ = {
			isa = XCBuildConfiguration;
			buildSettings = {
				BUNDLE_LOADER = "$(TEST_HOST)";
				COMBINE_HIDPI_IMAGES = YES;
				GENERATE_INFOPLIST_FILE = YES;
				LD_RUNPATH_SEARCH_PATHS = (
					"$(inherited)",
					"@executable_path/../Frameworks",
					"@loader_path/../Frameworks",
				);
				MACOSX_DEPLOYMENT_TARGET = 14.0;
				PRODUCT_BUNDLE_IDENTIFIER = com.mobaalt.MobaAltTests;
				SDKROOT = macosx;
				SWIFT_VERSION = 5.9;
				TEST_HOST = "$(BUILT_PRODUCTS_DIR)/MobaAlt.app/Contents/MacOS/MobaAlt";
			};
			name = Debug;
		};
		6F68481DA176C110545DDBF3 /* Debug */ = {
			isa = XCBuildConfiguration;
			buildSettings = {
				ALWAYS_SEARCH_USER_PATHS = NO;
				CLANG_ANALYZER_NONNULL = YES;
				CLANG_ANALYZER_NUMBER_OBJECT_CONVERSION = YES_AGGRESSIVE;
				CLANG_CXX_LANGUAGE_STANDARD = "gnu++14";
				CLANG_CXX_LIBRARY = "libc++";
				CLANG_ENABLE_MODULES = YES;
				CLANG_ENABLE_OBJC_ARC = YES;
				CLANG_ENABLE_OBJC_WEAK = YES;
				CLANG_WARN_BLOCK_CAPTURE_AUTORELEASING = YES;
				CLANG_WARN_BOOL_CONVERSION = YES;
				CLANG_WARN_COMMA = YES;
				CLANG_WARN_CONSTANT_CONVERSION = YES;
				CLANG_WARN_DEPRECATED_OBJC_IMPLEMENTATIONS = YES;
				CLANG_WARN_DIRECT_OBJC_ISA_USAGE = YES_ERROR;
				CLANG_WARN_DOCUMENTATION_COMMENTS = YES;
				CLANG_WARN_EMPTY_BODY = YES;
				CLANG_WARN_ENUM_CONVERSION = YES;
				CLANG_WARN_INFINITE_RECURSION = YES;
				CLANG_WARN_INT_CONVERSION = YES;
				CLANG_WARN_NON_LITERAL_NULL_CONVERSION = YES;
				CLANG_WARN_OBJC_IMPLICIT_RETAIN_SELF = YES;
				CLANG_WARN_OBJC_LITERAL_CONVERSION = YES;
				CLANG_WARN_OBJC_ROOT_CLASS = YES_ERROR;
				CLANG_WARN_QUOTED_INCLUDE_IN_FRAMEWORK_HEADER = YES;
				CLANG_WARN_RANGE_LOOP_ANALYSIS = YES;
				CLANG_WARN_STRICT_PROTOTYPES = YES;
				CLANG_WARN_SUSPICIOUS_MOVE = YES;
				CLANG_WARN_UNGUARDED_AVAILABILITY = YES_AGGRESSIVE;
				CLANG_WARN_UNREACHABLE_CODE = YES;
				CLANG_WARN__DUPLICATE_METHOD_MATCH = YES;
				CODE_SIGN_STYLE = Automatic;
				COPY_PHASE_STRIP = NO;
				DEBUG_INFORMATION_FORMAT = dwarf;
				ENABLE_HARDENED_RUNTIME = YES;
				ENABLE_STRICT_OBJC_MSGSEND = YES;
				ENABLE_TESTABILITY = YES;
				GCC_C_LANGUAGE_STANDARD = gnu11;
				GCC_DYNAMIC_NO_PIC = NO;
				GCC_NO_COMMON_BLOCKS = YES;
				GCC_OPTIMIZATION_LEVEL = 0;
				GCC_PREPROCESSOR_DEFINITIONS = (
					"$(inherited)",
					"DEBUG=1",
				);
				GCC_WARN_64_TO_32_BIT_CONVERSION = YES;
				GCC_WARN_ABOUT_RETURN_TYPE = YES_ERROR;
				GCC_WARN_UNDECLARED_SELECTOR = YES;
				GCC_WARN_UNINITIALIZED_AUTOS = YES_AGGRESSIVE;
				GCC_WARN_UNUSED_FUNCTION = YES;
				GCC_WARN_UNUSED_VARIABLE = YES;
				MACOSX_DEPLOYMENT_TARGET = 14.0;
				MTL_ENABLE_DEBUG_INFO = INCLUDE_SOURCE;
				MTL_FAST_MATH = YES;
				ONLY_ACTIVE_ARCH = YES;
				PRODUCT_NAME = "$(TARGET_NAME)";
				SDKROOT = macosx;
				SWIFT_ACTIVE_COMPILATION_CONDITIONS = DEBUG;
				SWIFT_OPTIMIZATION_LEVEL = "-Onone";
				SWIFT_VERSION = 5.9;
			};
			name = Debug;
		};
		B490FF75E85C0113B66A652C /* Release */ = {
			isa = XCBuildConfiguration;
			buildSettings = {
				ALWAYS_SEARCH_USER_PATHS = NO;
				CLANG_ANALYZER_NONNULL = YES;
				CLANG_ANALYZER_NUMBER_OBJECT_CONVERSION = YES_AGGRESSIVE;
				CLANG_CXX_LANGUAGE_STANDARD = "gnu++14";
				CLANG_CXX_LIBRARY = "libc++";
				CLANG_ENABLE_MODULES = YES;
				CLANG_ENABLE_OBJC_ARC = YES;
				CLANG_ENABLE_OBJC_WEAK = YES;
				CLANG_WARN_BLOCK_CAPTURE_AUTORELEASING = YES;
				CLANG_WARN_BOOL_CONVERSION = YES;
				CLANG_WARN_COMMA = YES;
				CLANG_WARN_CONSTANT_CONVERSION = YES;
				CLANG_WARN_DEPRECATED_OBJC_IMPLEMENTATIONS = YES;
				CLANG_WARN_DIRECT_OBJC_ISA_USAGE = YES_ERROR;
				CLANG_WARN_DOCUMENTATION_COMMENTS = YES;
				CLANG_WARN_EMPTY_BODY = YES;
				CLANG_WARN_ENUM_CONVERSION = YES;
				CLANG_WARN_INFINITE_RECURSION = YES;
				CLANG_WARN_INT_CONVERSION = YES;
				CLANG_WARN_NON_LITERAL_NULL_CONVERSION = YES;
				CLANG_WARN_OBJC_IMPLICIT_RETAIN_SELF = YES;
				CLANG_WARN_OBJC_LITERAL_CONVERSION = YES;
				CLANG_WARN_OBJC_ROOT_CLASS = YES_ERROR;
				CLANG_WARN_QUOTED_INCLUDE_IN_FRAMEWORK_HEADER = YES;
				CLANG_WARN_RANGE_LOOP_ANALYSIS = YES;
				CLANG_WARN_STRICT_PROTOTYPES = YES;
				CLANG_WARN_SUSPICIOUS_MOVE = YES;
				CLANG_WARN_UNGUARDED_AVAILABILITY = YES_AGGRESSIVE;
				CLANG_WARN_UNREACHABLE_CODE = YES;
				CLANG_WARN__DUPLICATE_METHOD_MATCH = YES;
				CODE_SIGN_STYLE = Automatic;
				COPY_PHASE_STRIP = NO;
				DEBUG_INFORMATION_FORMAT = "dwarf-with-dsym";
				ENABLE_HARDENED_RUNTIME = YES;
				ENABLE_NS_ASSERTIONS = NO;
				ENABLE_STRICT_OBJC_MSGSEND = YES;
				GCC_C_LANGUAGE_STANDARD = gnu11;
				GCC_NO_COMMON_BLOCKS = YES;
				GCC_WARN_64_TO_32_BIT_CONVERSION = YES;
				GCC_WARN_ABOUT_RETURN_TYPE = YES_ERROR;
				GCC_WARN_UNDECLARED_SELECTOR = YES;
				GCC_WARN_UNINITIALIZED_AUTOS = YES_AGGRESSIVE;
				GCC_WARN_UNUSED_FUNCTION = YES;
				GCC_WARN_UNUSED_VARIABLE = YES;
				MACOSX_DEPLOYMENT_TARGET = 14.0;
				MTL_ENABLE_DEBUG_INFO = NO;
				MTL_FAST_MATH = YES;
				PRODUCT_NAME = "$(TARGET_NAME)";
				SDKROOT = macosx;
				SWIFT_COMPILATION_MODE = wholemodule;
				SWIFT_OPTIMIZATION_LEVEL = "-O";
				SWIFT_VERSION = 5.9;
			};
			name = Release;
		};
		CEAC7835C5F14FC01BD3497D /* Release */ = {
			isa = XCBuildConfiguration;
			buildSettings = {
				BUNDLE_LOADER = "$(TEST_HOST)";
				COMBINE_HIDPI_IMAGES = YES;
				GENERATE_INFOPLIST_FILE = YES;
				LD_RUNPATH_SEARCH_PATHS = (
					"$(inherited)",
					"@executable_path/../Frameworks",
					"@loader_path/../Frameworks",
				);
				MACOSX_DEPLOYMENT_TARGET = 14.0;
				PRODUCT_BUNDLE_IDENTIFIER = com.mobaalt.MobaAltTests;
				SDKROOT = macosx;
				SWIFT_VERSION = 5.9;
				TEST_HOST = "$(BUILT_PRODUCTS_DIR)/MobaAlt.app/Contents/MacOS/MobaAlt";
			};
			name = Release;
		};
/* End XCBuildConfiguration section */

/* Begin XCConfigurationList section */
		4A3906E1C02FC0373175CC35 /* Build configuration list for PBXNativeTarget "MobaAlt" */ = {
			isa = XCConfigurationList;
			buildConfigurations = (
				5CB498279B73BD6940F8F732 /* Debug */,
				32C177D14893466ADC3704A5 /* Release */,
			);
			defaultConfigurationIsVisible = 0;
			defaultConfigurationName = Debug;
		};
		5E236C9F50A4EC041F57F83E /* Build configuration list for PBXNativeTarget "MobaAltTests" */ = {
			isa = XCConfigurationList;
			buildConfigurations = (
				6B749B59ACA12B10B658AF4D /* Debug */,
				CEAC7835C5F14FC01BD3497D /* Release */,
			);
			defaultConfigurationIsVisible = 0;
			defaultConfigurationName = Debug;
		};
		A4F56FAE3325C10C822DB512 /* Build configuration list for PBXProject "MobaAlt" */ = {
			isa = XCConfigurationList;
			buildConfigurations = (
				6F68481DA176C110545DDBF3 /* Debug */,
				B490FF75E85C0113B66A652C /* Release */,
			);
			defaultConfigurationIsVisible = 0;
			defaultConfigurationName = Debug;
		};
/* End XCConfigurationList section */

/* Begin XCRemoteSwiftPackageReference section */
		86D5E4E86E6E245C0A786012 /* XCRemoteSwiftPackageReference "SwiftTerm" */ = {
			isa = XCRemoteSwiftPackageReference;
			repositoryURL = "https://github.com/migueldeicaza/SwiftTerm";
			requirement = {
				kind = upToNextMajorVersion;
				minimumVersion = 1.12.0;
			};
		};
/* End XCRemoteSwiftPackageReference section */

/* Begin XCSwiftPackageProductDependency section */
		254D474F18CC2F435CEF6B00 /* SwiftTerm */ = {
			isa = XCSwiftPackageProductDependency;
			package = 86D5E4E86E6E245C0A786012 /* XCRemoteSwiftPackageReference "SwiftTerm" */;
			productName = SwiftTerm;
		};
/* End XCSwiftPackageProductDependency section */
	};
	rootObject = A9C40655DFA7F5B375FE20EB /* Project object */;
}
